// !$*UTF8*$!
{
	archiveVersion = 1;
	classes = {
	};
	objectVersion = 46;
	objects = {

/* Begin PBXBuildFile section */
		2714FD041C6EE4300079D334 /* BaseRequest.swift in Sources */ = {isa = PBXBuildFile; fileRef = 2714FD021C6EE4300079D334 /* BaseRequest.swift */; };
		2714FD051C6EE4300079D334 /* UserRequest.swift in Sources */ = {isa = PBXBuildFile; fileRef = 2714FD031C6EE4300079D334 /* UserRequest.swift */; };
		2714FD071C6EE4390079D334 /* Constants.swift in Sources */ = {isa = PBXBuildFile; fileRef = 2714FD061C6EE4390079D334 /* Constants.swift */; };
		27C7020F1C6F098400FC475C /* ParticipationTableViewCell.swift in Sources */ = {isa = PBXBuildFile; fileRef = 27C7020D1C6F098400FC475C /* ParticipationTableViewCell.swift */; };
		27C702101C6F098400FC475C /* ParticipationTableViewCell.xib in Resources */ = {isa = PBXBuildFile; fileRef = 27C7020E1C6F098400FC475C /* ParticipationTableViewCell.xib */; };
		27C702121C6F202B00FC475C /* OffersViewController.swift in Sources */ = {isa = PBXBuildFile; fileRef = 27C702111C6F202B00FC475C /* OffersViewController.swift */; };
		27C702141C6F21F200FC475C /* OffersTableViewCell.xib in Resources */ = {isa = PBXBuildFile; fileRef = 27C702131C6F21F200FC475C /* OffersTableViewCell.xib */; };
		27C702181C6F228900FC475C /* OffersTableViewCell.swift in Sources */ = {isa = PBXBuildFile; fileRef = 27C702171C6F228900FC475C /* OffersTableViewCell.swift */; };
		2937E7A51C6F5AC800014BDE /* GoodDeedCell.swift in Sources */ = {isa = PBXBuildFile; fileRef = 2937E7A41C6F5AC800014BDE /* GoodDeedCell.swift */; };
		294FF38E1C6EF18B00F6D103 /* MapKit.framework in Frameworks */ = {isa = PBXBuildFile; fileRef = 294FF38D1C6EF18B00F6D103 /* MapKit.framework */; };
		294FF3901C6EFB9400F6D103 /* Annotation.swift in Sources */ = {isa = PBXBuildFile; fileRef = 294FF38F1C6EFB9400F6D103 /* Annotation.swift */; };
		29881DCB1C6F036D00CB3E69 /* GoodDeed.swift in Sources */ = {isa = PBXBuildFile; fileRef = 29881DC71C6F036D00CB3E69 /* GoodDeed.swift */; };
		29881DCC1C6F036D00CB3E69 /* Participation.swift in Sources */ = {isa = PBXBuildFile; fileRef = 29881DC81C6F036D00CB3E69 /* Participation.swift */; };
		29881DCD1C6F036D00CB3E69 /* Status.swift in Sources */ = {isa = PBXBuildFile; fileRef = 29881DC91C6F036D00CB3E69 /* Status.swift */; };
		29881DCE1C6F036D00CB3E69 /* User.swift in Sources */ = {isa = PBXBuildFile; fileRef = 29881DCA1C6F036D00CB3E69 /* User.swift */; };
		29881DD01C6F037800CB3E69 /* DateHelper.swift in Sources */ = {isa = PBXBuildFile; fileRef = 29881DCF1C6F037800CB3E69 /* DateHelper.swift */; };
		29881DD21C6F038000CB3E69 /* ProfileViewController.swift in Sources */ = {isa = PBXBuildFile; fileRef = 29881DD11C6F038000CB3E69 /* ProfileViewController.swift */; };
		29C9E4A81C6ED8D90065EFB3 /* AppDelegate.swift in Sources */ = {isa = PBXBuildFile; fileRef = 29C9E4A71C6ED8D90065EFB3 /* AppDelegate.swift */; };
		29C9E4AA1C6ED8D90065EFB3 /* FirstViewController.swift in Sources */ = {isa = PBXBuildFile; fileRef = 29C9E4A91C6ED8D90065EFB3 /* FirstViewController.swift */; };
		29C9E4AF1C6ED8D90065EFB3 /* Main.storyboard in Resources */ = {isa = PBXBuildFile; fileRef = 29C9E4AD1C6ED8D90065EFB3 /* Main.storyboard */; };
		29C9E4B11C6ED8D90065EFB3 /* Assets.xcassets in Resources */ = {isa = PBXBuildFile; fileRef = 29C9E4B01C6ED8D90065EFB3 /* Assets.xcassets */; };
		29C9E4B41C6ED8D90065EFB3 /* LaunchScreen.storyboard in Resources */ = {isa = PBXBuildFile; fileRef = 29C9E4B21C6ED8D90065EFB3 /* LaunchScreen.storyboard */; };
		29E6D88A1C6EDCEB005A1B0C /* BA.storyboard in Resources */ = {isa = PBXBuildFile; fileRef = 29E6D8881C6EDCEB005A1B0C /* BA.storyboard */; };
		29E6D88C1C6EDD15005A1B0C /* Profile.storyboard in Resources */ = {isa = PBXBuildFile; fileRef = 29E6D88B1C6EDD15005A1B0C /* Profile.storyboard */; };
		29E6D88E1C6EDED5005A1B0C /* Search.storyboard in Resources */ = {isa = PBXBuildFile; fileRef = 29E6D88D1C6EDED5005A1B0C /* Search.storyboard */; };
		29E6D8901C6EDFE3005A1B0C /* BAViewController.swift in Sources */ = {isa = PBXBuildFile; fileRef = 29E6D88F1C6EDFE3005A1B0C /* BAViewController.swift */; };
		725886618F0857C1D9D6B24E /* Pods_BA_iOS_Application.framework in Frameworks */ = {isa = PBXBuildFile; fileRef = FF4CCF6191C1F3AB8959B409 /* Pods_BA_iOS_Application.framework */; };
		FB301C841C6EF89F0049D107 /* LocationRow.swift in Sources */ = {isa = PBXBuildFile; fileRef = FB301C831C6EF89F0049D107 /* LocationRow.swift */; };
		FB301C861C6EF9650049D107 /* LocationSelectionViewController.swift in Sources */ = {isa = PBXBuildFile; fileRef = FB301C851C6EF9650049D107 /* LocationSelectionViewController.swift */; };
		FB301C891C6F18AE0049D107 /* AddBAFormViewController.swift in Sources */ = {isa = PBXBuildFile; fileRef = FB301C881C6F18AE0049D107 /* AddBAFormViewController.swift */; };
/* End PBXBuildFile section */

/* Begin PBXFileReference section */
		2714FD021C6EE4300079D334 /* BaseRequest.swift */ = {isa = PBXFileReference; fileEncoding = 4; lastKnownFileType = sourcecode.swift; path = BaseRequest.swift; sourceTree = "<group>"; };
		2714FD031C6EE4300079D334 /* UserRequest.swift */ = {isa = PBXFileReference; fileEncoding = 4; lastKnownFileType = sourcecode.swift; path = UserRequest.swift; sourceTree = "<group>"; };
		2714FD061C6EE4390079D334 /* Constants.swift */ = {isa = PBXFileReference; fileEncoding = 4; lastKnownFileType = sourcecode.swift; path = Constants.swift; sourceTree = "<group>"; };
		27C7020D1C6F098400FC475C /* ParticipationTableViewCell.swift */ = {isa = PBXFileReference; fileEncoding = 4; lastKnownFileType = sourcecode.swift; path = ParticipationTableViewCell.swift; sourceTree = "<group>"; };
		27C7020E1C6F098400FC475C /* ParticipationTableViewCell.xib */ = {isa = PBXFileReference; fileEncoding = 4; lastKnownFileType = file.xib; path = ParticipationTableViewCell.xib; sourceTree = "<group>"; };
		27C702111C6F202B00FC475C /* OffersViewController.swift */ = {isa = PBXFileReference; fileEncoding = 4; lastKnownFileType = sourcecode.swift; path = OffersViewController.swift; sourceTree = "<group>"; };
		27C702131C6F21F200FC475C /* OffersTableViewCell.xib */ = {isa = PBXFileReference; fileEncoding = 4; lastKnownFileType = file.xib; path = OffersTableViewCell.xib; sourceTree = "<group>"; };
		27C702171C6F228900FC475C /* OffersTableViewCell.swift */ = {isa = PBXFileReference; fileEncoding = 4; lastKnownFileType = sourcecode.swift; path = OffersTableViewCell.swift; sourceTree = "<group>"; };
		2937E7A41C6F5AC800014BDE /* GoodDeedCell.swift */ = {isa = PBXFileReference; fileEncoding = 4; lastKnownFileType = sourcecode.swift; path = GoodDeedCell.swift; sourceTree = "<group>"; };
		294FF38D1C6EF18B00F6D103 /* MapKit.framework */ = {isa = PBXFileReference; lastKnownFileType = wrapper.framework; name = MapKit.framework; path = System/Library/Frameworks/MapKit.framework; sourceTree = SDKROOT; };
		294FF38F1C6EFB9400F6D103 /* Annotation.swift */ = {isa = PBXFileReference; fileEncoding = 4; lastKnownFileType = sourcecode.swift; path = Annotation.swift; sourceTree = "<group>"; };
		29881DC71C6F036D00CB3E69 /* GoodDeed.swift */ = {isa = PBXFileReference; fileEncoding = 4; lastKnownFileType = sourcecode.swift; path = GoodDeed.swift; sourceTree = "<group>"; };
		29881DC81C6F036D00CB3E69 /* Participation.swift */ = {isa = PBXFileReference; fileEncoding = 4; lastKnownFileType = sourcecode.swift; path = Participation.swift; sourceTree = "<group>"; };
		29881DC91C6F036D00CB3E69 /* Status.swift */ = {isa = PBXFileReference; fileEncoding = 4; lastKnownFileType = sourcecode.swift; path = Status.swift; sourceTree = "<group>"; };
		29881DCA1C6F036D00CB3E69 /* User.swift */ = {isa = PBXFileReference; fileEncoding = 4; lastKnownFileType = sourcecode.swift; path = User.swift; sourceTree = "<group>"; };
		29881DCF1C6F037800CB3E69 /* DateHelper.swift */ = {isa = PBXFileReference; fileEncoding = 4; lastKnownFileType = sourcecode.swift; path = DateHelper.swift; sourceTree = "<group>"; };
		29881DD11C6F038000CB3E69 /* ProfileViewController.swift */ = {isa = PBXFileReference; fileEncoding = 4; lastKnownFileType = sourcecode.swift; path = ProfileViewController.swift; sourceTree = "<group>"; };
		29C9E4A41C6ED8D90065EFB3 /* BA-iOS-Application.app */ = {isa = PBXFileReference; explicitFileType = wrapper.application; includeInIndex = 0; path = "BA-iOS-Application.app"; sourceTree = BUILT_PRODUCTS_DIR; };
		29C9E4A71C6ED8D90065EFB3 /* AppDelegate.swift */ = {isa = PBXFileReference; lastKnownFileType = sourcecode.swift; path = AppDelegate.swift; sourceTree = "<group>"; };
		29C9E4A91C6ED8D90065EFB3 /* FirstViewController.swift */ = {isa = PBXFileReference; lastKnownFileType = sourcecode.swift; path = FirstViewController.swift; sourceTree = "<group>"; };
		29C9E4AE1C6ED8D90065EFB3 /* Base */ = {isa = PBXFileReference; lastKnownFileType = file.storyboard; name = Base; path = Base.lproj/Main.storyboard; sourceTree = "<group>"; };
		29C9E4B01C6ED8D90065EFB3 /* Assets.xcassets */ = {isa = PBXFileReference; lastKnownFileType = folder.assetcatalog; path = Assets.xcassets; sourceTree = "<group>"; };
		29C9E4B31C6ED8D90065EFB3 /* Base */ = {isa = PBXFileReference; lastKnownFileType = file.storyboard; name = Base; path = Base.lproj/LaunchScreen.storyboard; sourceTree = "<group>"; };
		29C9E4B51C6ED8D90065EFB3 /* Info.plist */ = {isa = PBXFileReference; lastKnownFileType = text.plist.xml; path = Info.plist; sourceTree = "<group>"; };
		29E6D8891C6EDCEB005A1B0C /* Base */ = {isa = PBXFileReference; lastKnownFileType = file.storyboard; name = Base; path = Base.lproj/BA.storyboard; sourceTree = "<group>"; };
		29E6D88B1C6EDD15005A1B0C /* Profile.storyboard */ = {isa = PBXFileReference; fileEncoding = 4; lastKnownFileType = file.storyboard; path = Profile.storyboard; sourceTree = "<group>"; };
		29E6D88D1C6EDED5005A1B0C /* Search.storyboard */ = {isa = PBXFileReference; fileEncoding = 4; lastKnownFileType = file.storyboard; path = Search.storyboard; sourceTree = "<group>"; };
		29E6D88F1C6EDFE3005A1B0C /* BAViewController.swift */ = {isa = PBXFileReference; fileEncoding = 4; lastKnownFileType = sourcecode.swift; path = BAViewController.swift; sourceTree = "<group>"; };
		41864DB90E6FC6C612220D2C /* Pods-BA-iOS-Application.release.xcconfig */ = {isa = PBXFileReference; includeInIndex = 1; lastKnownFileType = text.xcconfig; name = "Pods-BA-iOS-Application.release.xcconfig"; path = "Pods/Target Support Files/Pods-BA-iOS-Application/Pods-BA-iOS-Application.release.xcconfig"; sourceTree = "<group>"; };
		41E6490237B698289CB876AF /* Pods-BA-iOS-Application.debug.xcconfig */ = {isa = PBXFileReference; includeInIndex = 1; lastKnownFileType = text.xcconfig; name = "Pods-BA-iOS-Application.debug.xcconfig"; path = "Pods/Target Support Files/Pods-BA-iOS-Application/Pods-BA-iOS-Application.debug.xcconfig"; sourceTree = "<group>"; };
		FB301C831C6EF89F0049D107 /* LocationRow.swift */ = {isa = PBXFileReference; fileEncoding = 4; lastKnownFileType = sourcecode.swift; path = LocationRow.swift; sourceTree = "<group>"; };
		FB301C851C6EF9650049D107 /* LocationSelectionViewController.swift */ = {isa = PBXFileReference; fileEncoding = 4; lastKnownFileType = sourcecode.swift; path = LocationSelectionViewController.swift; sourceTree = "<group>"; };
		FB301C881C6F18AE0049D107 /* AddBAFormViewController.swift */ = {isa = PBXFileReference; fileEncoding = 4; lastKnownFileType = sourcecode.swift; path = AddBAFormViewController.swift; sourceTree = "<group>"; };
		FF4CCF6191C1F3AB8959B409 /* Pods_BA_iOS_Application.framework */ = {isa = PBXFileReference; explicitFileType = wrapper.framework; includeInIndex = 0; path = Pods_BA_iOS_Application.framework; sourceTree = BUILT_PRODUCTS_DIR; };
/* End PBXFileReference section */

/* Begin PBXFrameworksBuildPhase section */
		29C9E4A11C6ED8D90065EFB3 /* Frameworks */ = {
			isa = PBXFrameworksBuildPhase;
			buildActionMask = 2147483647;
			files = (
				294FF38E1C6EF18B00F6D103 /* MapKit.framework in Frameworks */,
				725886618F0857C1D9D6B24E /* Pods_BA_iOS_Application.framework in Frameworks */,
			);
			runOnlyForDeploymentPostprocessing = 0;
		};
/* End PBXFrameworksBuildPhase section */

/* Begin PBXGroup section */
		2714FD011C6EE41C0079D334 /* Requests */ = {
			isa = PBXGroup;
			children = (
				2714FD021C6EE4300079D334 /* BaseRequest.swift */,
				2714FD031C6EE4300079D334 /* UserRequest.swift */,
			);
			name = Requests;
			sourceTree = "<group>";
		};
		2782F79D1C6EE30A009EB714 /* ViewControllers */ = {
			isa = PBXGroup;
			children = (
				FB301C881C6F18AE0049D107 /* AddBAFormViewController.swift */,
				FB301C851C6EF9650049D107 /* LocationSelectionViewController.swift */,
				29881DD11C6F038000CB3E69 /* ProfileViewController.swift */,
				29C9E4A91C6ED8D90065EFB3 /* FirstViewController.swift */,
				29E6D88F1C6EDFE3005A1B0C /* BAViewController.swift */,
				294FF38F1C6EFB9400F6D103 /* Annotation.swift */,
				27C702111C6F202B00FC475C /* OffersViewController.swift */,
			);
			name = ViewControllers;
			sourceTree = "<group>";
		};
		29881DC61C6F035400CB3E69 /* Models */ = {
			isa = PBXGroup;
			children = (
				29881DC71C6F036D00CB3E69 /* GoodDeed.swift */,
				29881DC81C6F036D00CB3E69 /* Participation.swift */,
				29881DC91C6F036D00CB3E69 /* Status.swift */,
				29881DCA1C6F036D00CB3E69 /* User.swift */,
			);
			name = Models;
			sourceTree = "<group>";
		};
		29C9E49B1C6ED8D90065EFB3 = {
			isa = PBXGroup;
			children = (
				29C9E4A61C6ED8D90065EFB3 /* src */,
				29C9E4A51C6ED8D90065EFB3 /* Products */,
				85D0F23C0E027DB391012A7C /* Pods */,
				65606B2624089326F2A8622B /* Frameworks */,
			);
			sourceTree = "<group>";
		};
		29C9E4A51C6ED8D90065EFB3 /* Products */ = {
			isa = PBXGroup;
			children = (
				29C9E4A41C6ED8D90065EFB3 /* BA-iOS-Application.app */,
			);
			name = Products;
			sourceTree = "<group>";
		};
		29C9E4A61C6ED8D90065EFB3 /* src */ = {
			isa = PBXGroup;
			children = (
				29881DCF1C6F037800CB3E69 /* DateHelper.swift */,
				29881DC61C6F035400CB3E69 /* Models */,
				2714FD061C6EE4390079D334 /* Constants.swift */,
				2714FD011C6EE41C0079D334 /* Requests */,
				2782F79D1C6EE30A009EB714 /* ViewControllers */,
				29E6D8871C6EDC68005A1B0C /* UI */,
				29C9E4A71C6ED8D90065EFB3 /* AppDelegate.swift */,
				29C9E4B01C6ED8D90065EFB3 /* Assets.xcassets */,
				29C9E4B21C6ED8D90065EFB3 /* LaunchScreen.storyboard */,
				29C9E4B51C6ED8D90065EFB3 /* Info.plist */,
			);
			path = src;
			sourceTree = "<group>";
		};
		29E6D8871C6EDC68005A1B0C /* UI */ = {
			isa = PBXGroup;
			children = (
				FB301C821C6EF85E0049D107 /* FormRow */,
				27C7020D1C6F098400FC475C /* ParticipationTableViewCell.swift */,
				27C7020E1C6F098400FC475C /* ParticipationTableViewCell.xib */,
				29E6D88B1C6EDD15005A1B0C /* Profile.storyboard */,
				29E6D88D1C6EDED5005A1B0C /* Search.storyboard */,
				29C9E4AD1C6ED8D90065EFB3 /* Main.storyboard */,
				27C702131C6F21F200FC475C /* OffersTableViewCell.xib */,
				27C702171C6F228900FC475C /* OffersTableViewCell.swift */,
				29E6D8881C6EDCEB005A1B0C /* BA.storyboard */,
				2937E7A41C6F5AC800014BDE /* GoodDeedCell.swift */,
			);
			name = UI;
			sourceTree = "<group>";
		};
		65606B2624089326F2A8622B /* Frameworks */ = {
			isa = PBXGroup;
			children = (
				294FF38D1C6EF18B00F6D103 /* MapKit.framework */,
				FF4CCF6191C1F3AB8959B409 /* Pods_BA_iOS_Application.framework */,
			);
			name = Frameworks;
			sourceTree = "<group>";
		};
		85D0F23C0E027DB391012A7C /* Pods */ = {
			isa = PBXGroup;
			children = (
				41E6490237B698289CB876AF /* Pods-BA-iOS-Application.debug.xcconfig */,
				41864DB90E6FC6C612220D2C /* Pods-BA-iOS-Application.release.xcconfig */,
			);
			name = Pods;
			sourceTree = "<group>";
		};
		FB301C821C6EF85E0049D107 /* FormRow */ = {
			isa = PBXGroup;
			children = (
				FB301C831C6EF89F0049D107 /* LocationRow.swift */,
			);
			name = FormRow;
			sourceTree = "<group>";
		};
/* End PBXGroup section */

/* Begin PBXNativeTarget section */
		29C9E4A31C6ED8D90065EFB3 /* BA-iOS-Application */ = {
			isa = PBXNativeTarget;
			buildConfigurationList = 29C9E4B81C6ED8D90065EFB3 /* Build configuration list for PBXNativeTarget "BA-iOS-Application" */;
			buildPhases = (
				8FD49732A5719B7577A9FA29 /* Check Pods Manifest.lock */,
				29C9E4A01C6ED8D90065EFB3 /* Sources */,
				29C9E4A11C6ED8D90065EFB3 /* Frameworks */,
				29C9E4A21C6ED8D90065EFB3 /* Resources */,
				2231F2202E20C372330DCD37 /* Embed Pods Frameworks */,
				BA8D4BBCDD26242D6B0ED098 /* Copy Pods Resources */,
			);
			buildRules = (
			);
			dependencies = (
			);
			name = "BA-iOS-Application";
			productName = "BA-iOS-Application";
			productReference = 29C9E4A41C6ED8D90065EFB3 /* BA-iOS-Application.app */;
			productType = "com.apple.product-type.application";
		};
/* End PBXNativeTarget section */

/* Begin PBXProject section */
		29C9E49C1C6ED8D90065EFB3 /* Project object */ = {
			isa = PBXProject;
			attributes = {
				LastSwiftUpdateCheck = 0720;
				LastUpgradeCheck = 0720;
				ORGANIZATIONNAME = "Samuel Bellerose";
				TargetAttributes = {
					29C9E4A31C6ED8D90065EFB3 = {
						CreatedOnToolsVersion = 7.2;
						DevelopmentTeam = CTF4C374A8;
						SystemCapabilities = {
							com.apple.Maps.iOS = {
								enabled = 1;
							};
						};
					};
				};
			};
			buildConfigurationList = 29C9E49F1C6ED8D90065EFB3 /* Build configuration list for PBXProject "BA-iOS-Application" */;
			compatibilityVersion = "Xcode 3.2";
			developmentRegion = English;
			hasScannedForEncodings = 0;
			knownRegions = (
				en,
				Base,
			);
			mainGroup = 29C9E49B1C6ED8D90065EFB3;
			productRefGroup = 29C9E4A51C6ED8D90065EFB3 /* Products */;
			projectDirPath = "";
			projectRoot = "";
			targets = (
				29C9E4A31C6ED8D90065EFB3 /* BA-iOS-Application */,
			);
		};
/* End PBXProject section */

/* Begin PBXResourcesBuildPhase section */
		29C9E4A21C6ED8D90065EFB3 /* Resources */ = {
			isa = PBXResourcesBuildPhase;
			buildActionMask = 2147483647;
			files = (
				29C9E4B41C6ED8D90065EFB3 /* LaunchScreen.storyboard in Resources */,
				29C9E4B11C6ED8D90065EFB3 /* Assets.xcassets in Resources */,
				29E6D88C1C6EDD15005A1B0C /* Profile.storyboard in Resources */,
				29C9E4AF1C6ED8D90065EFB3 /* Main.storyboard in Resources */,
				27C702101C6F098400FC475C /* ParticipationTableViewCell.xib in Resources */,
				27C702141C6F21F200FC475C /* OffersTableViewCell.xib in Resources */,
				29E6D88E1C6EDED5005A1B0C /* Search.storyboard in Resources */,
				29E6D88A1C6EDCEB005A1B0C /* BA.storyboard in Resources */,
			);
			runOnlyForDeploymentPostprocessing = 0;
		};
/* End PBXResourcesBuildPhase section */

/* Begin PBXShellScriptBuildPhase section */
		2231F2202E20C372330DCD37 /* Embed Pods Frameworks */ = {
			isa = PBXShellScriptBuildPhase;
			buildActionMask = 2147483647;
			files = (
			);
			inputPaths = (
			);
			name = "Embed Pods Frameworks";
			outputPaths = (
			);
			runOnlyForDeploymentPostprocessing = 0;
			shellPath = /bin/sh;
			shellScript = "\"${SRCROOT}/Pods/Target Support Files/Pods-BA-iOS-Application/Pods-BA-iOS-Application-frameworks.sh\"\n";
			showEnvVarsInLog = 0;
		};
		8FD49732A5719B7577A9FA29 /* Check Pods Manifest.lock */ = {
			isa = PBXShellScriptBuildPhase;
			buildActionMask = 2147483647;
			files = (
			);
			inputPaths = (
			);
			name = "Check Pods Manifest.lock";
			outputPaths = (
			);
			runOnlyForDeploymentPostprocessing = 0;
			shellPath = /bin/sh;
			shellScript = "diff \"${PODS_ROOT}/../Podfile.lock\" \"${PODS_ROOT}/Manifest.lock\" > /dev/null\nif [[ $? != 0 ]] ; then\n    cat << EOM\nerror: The sandbox is not in sync with the Podfile.lock. Run 'pod install' or update your CocoaPods installation.\nEOM\n    exit 1\nfi\n";
			showEnvVarsInLog = 0;
		};
		BA8D4BBCDD26242D6B0ED098 /* Copy Pods Resources */ = {
			isa = PBXShellScriptBuildPhase;
			buildActionMask = 2147483647;
			files = (
			);
			inputPaths = (
			);
			name = "Copy Pods Resources";
			outputPaths = (
			);
			runOnlyForDeploymentPostprocessing = 0;
			shellPath = /bin/sh;
			shellScript = "\"${SRCROOT}/Pods/Target Support Files/Pods-BA-iOS-Application/Pods-BA-iOS-Application-resources.sh\"\n";
			showEnvVarsInLog = 0;
		};
/* End PBXShellScriptBuildPhase section */

/* Begin PBXSourcesBuildPhase section */
		29C9E4A01C6ED8D90065EFB3 /* Sources */ = {
			isa = PBXSourcesBuildPhase;
			buildActionMask = 2147483647;
			files = (
				2714FD041C6EE4300079D334 /* BaseRequest.swift in Sources */,
				29881DCD1C6F036D00CB3E69 /* Status.swift in Sources */,
				2714FD051C6EE4300079D334 /* UserRequest.swift in Sources */,
				FB301C891C6F18AE0049D107 /* AddBAFormViewController.swift in Sources */,
				29881DCC1C6F036D00CB3E69 /* Participation.swift in Sources */,
				27C702121C6F202B00FC475C /* OffersViewController.swift in Sources */,
				29C9E4A81C6ED8D90065EFB3 /* AppDelegate.swift in Sources */,
				2714FD071C6EE4390079D334 /* Constants.swift in Sources */,
				2937E7A51C6F5AC800014BDE /* GoodDeedCell.swift in Sources */,
				FB301C861C6EF9650049D107 /* LocationSelectionViewController.swift in Sources */,
				FB301C841C6EF89F0049D107 /* LocationRow.swift in Sources */,
				29881DCB1C6F036D00CB3E69 /* GoodDeed.swift in Sources */,
				29C9E4AA1C6ED8D90065EFB3 /* FirstViewController.swift in Sources */,
				294FF3901C6EFB9400F6D103 /* Annotation.swift in Sources */,
				29881DD01C6F037800CB3E69 /* DateHelper.swift in Sources */,
				27C7020F1C6F098400FC475C /* ParticipationTableViewCell.swift in Sources */,
				27C702181C6F228900FC475C /* OffersTableViewCell.swift in Sources */,
				29881DD21C6F038000CB3E69 /* ProfileViewController.swift in Sources */,
				29E6D8901C6EDFE3005A1B0C /* BAViewController.swift in Sources */,
				29881DCE1C6F036D00CB3E69 /* User.swift in Sources */,
			);
			runOnlyForDeploymentPostprocessing = 0;
		};
/* End PBXSourcesBuildPhase section */

/* Begin PBXVariantGroup section */
		29C9E4AD1C6ED8D90065EFB3 /* Main.storyboard */ = {
			isa = PBXVariantGroup;
			children = (
				29C9E4AE1C6ED8D90065EFB3 /* Base */,
			);
			name = Main.storyboard;
			sourceTree = "<group>";
		};
		29C9E4B21C6ED8D90065EFB3 /* LaunchScreen.storyboard */ = {
			isa = PBXVariantGroup;
			children = (
				29C9E4B31C6ED8D90065EFB3 /* Base */,
			);
			name = LaunchScreen.storyboard;
			sourceTree = "<group>";
		};
		29E6D8881C6EDCEB005A1B0C /* BA.storyboard */ = {
			isa = PBXVariantGroup;
			children = (
				29E6D8891C6EDCEB005A1B0C /* Base */,
			);
			name = BA.storyboard;
			sourceTree = "<group>";
		};
/* End PBXVariantGroup section */

/* Begin XCBuildConfiguration section */
		29C9E4B61C6ED8D90065EFB3 /* Debug */ = {
			isa = XCBuildConfiguration;
			buildSettings = {
				ALWAYS_SEARCH_USER_PATHS = NO;
				CLANG_CXX_LANGUAGE_STANDARD = "gnu++0x";
				CLANG_CXX_LIBRARY = "libc++";
				CLANG_ENABLE_MODULES = YES;
				CLANG_ENABLE_OBJC_ARC = YES;
				CLANG_WARN_BOOL_CONVERSION = YES;
				CLANG_WARN_CONSTANT_CONVERSION = YES;
				CLANG_WARN_DIRECT_OBJC_ISA_USAGE = YES_ERROR;
				CLANG_WARN_EMPTY_BODY = YES;
				CLANG_WARN_ENUM_CONVERSION = YES;
				CLANG_WARN_INT_CONVERSION = YES;
				CLANG_WARN_OBJC_ROOT_CLASS = YES_ERROR;
				CLANG_WARN_UNREACHABLE_CODE = YES;
				CLANG_WARN__DUPLICATE_METHOD_MATCH = YES;
				"CODE_SIGN_IDENTITY[sdk=iphoneos*]" = "iPhone Developer";
				COPY_PHASE_STRIP = NO;
				DEBUG_INFORMATION_FORMAT = dwarf;
				ENABLE_STRICT_OBJC_MSGSEND = YES;
				ENABLE_TESTABILITY = YES;
				GCC_C_LANGUAGE_STANDARD = gnu99;
				GCC_DYNAMIC_NO_PIC = NO;
				GCC_NO_COMMON_BLOCKS = YES;
				GCC_OPTIMIZATION_LEVEL = 0;
				GCC_PREPROCESSOR_DEFINITIONS = (
					"DEBUG=1",
					"$(inherited)",
				);
				GCC_WARN_64_TO_32_BIT_CONVERSION = YES;
				GCC_WARN_ABOUT_RETURN_TYPE = YES_ERROR;
				GCC_WARN_UNDECLARED_SELECTOR = YES;
				GCC_WARN_UNINITIALIZED_AUTOS = YES_AGGRESSIVE;
				GCC_WARN_UNUSED_FUNCTION = YES;
				GCC_WARN_UNUSED_VARIABLE = YES;
				IPHONEOS_DEPLOYMENT_TARGET = 9.2;
				MTL_ENABLE_DEBUG_INFO = YES;
				ONLY_ACTIVE_ARCH = YES;
				SDKROOT = iphoneos;
				SWIFT_OPTIMIZATION_LEVEL = "-Onone";
			};
			name = Debug;
		};
		29C9E4B71C6ED8D90065EFB3 /* Release */ = {
			isa = XCBuildConfiguration;
			buildSettings = {
				ALWAYS_SEARCH_USER_PATHS = NO;
				CLANG_CXX_LANGUAGE_STANDARD = "gnu++0x";
				CLANG_CXX_LIBRARY = "libc++";
				CLANG_ENABLE_MODULES = YES;
				CLANG_ENABLE_OBJC_ARC = YES;
				CLANG_WARN_BOOL_CONVERSION = YES;
				CLANG_WARN_CONSTANT_CONVERSION = YES;
				CLANG_WARN_DIRECT_OBJC_ISA_USAGE = YES_ERROR;
				CLANG_WARN_EMPTY_BODY = YES;
				CLANG_WARN_ENUM_CONVERSION = YES;
				CLANG_WARN_INT_CONVERSION = YES;
				CLANG_WARN_OBJC_ROOT_CLASS = YES_ERROR;
				CLANG_WARN_UNREACHABLE_CODE = YES;
				CLANG_WARN__DUPLICATE_METHOD_MATCH = YES;
				"CODE_SIGN_IDENTITY[sdk=iphoneos*]" = "iPhone Developer";
				COPY_PHASE_STRIP = NO;
				DEBUG_INFORMATION_FORMAT = "dwarf-with-dsym";
				ENABLE_NS_ASSERTIONS = NO;
				ENABLE_STRICT_OBJC_MSGSEND = YES;
				GCC_C_LANGUAGE_STANDARD = gnu99;
				GCC_NO_COMMON_BLOCKS = YES;
				GCC_WARN_64_TO_32_BIT_CONVERSION = YES;
				GCC_WARN_ABOUT_RETURN_TYPE = YES_ERROR;
				GCC_WARN_UNDECLARED_SELECTOR = YES;
				GCC_WARN_UNINITIALIZED_AUTOS = YES_AGGRESSIVE;
				GCC_WARN_UNUSED_FUNCTION = YES;
				GCC_WARN_UNUSED_VARIABLE = YES;
				IPHONEOS_DEPLOYMENT_TARGET = 9.2;
				MTL_ENABLE_DEBUG_INFO = NO;
				SDKROOT = iphoneos;
				VALIDATE_PRODUCT = YES;
			};
			name = Release;
		};
		29C9E4B91C6ED8D90065EFB3 /* Debug */ = {
			isa = XCBuildConfiguration;
			baseConfigurationReference = 41E6490237B698289CB876AF /* Pods-BA-iOS-Application.debug.xcconfig */;
			buildSettings = {
				ASSETCATALOG_COMPILER_APPICON_NAME = AppIcon;
				ASSETCATALOG_COMPILER_LAUNCHIMAGE_NAME = "Brand Assets";
				CODE_SIGN_IDENTITY = "iPhone Developer";
				"CODE_SIGN_IDENTITY[sdk=iphoneos*]" = "iPhone Developer";
				INFOPLIST_FILE = "$(SRCROOT)/src/Info.plist";
				LD_RUNPATH_SEARCH_PATHS = "$(inherited) @executable_path/Frameworks";
				PRODUCT_BUNDLE_IDENTIFIER = "AMC.BA-iOS-Application";
				PRODUCT_NAME = "$(TARGET_NAME)";
				PROVISIONING_PROFILE = "";
			};
			name = Debug;
		};
		29C9E4BA1C6ED8D90065EFB3 /* Release */ = {
			isa = XCBuildConfiguration;
			baseConfigurationReference = 41864DB90E6FC6C612220D2C /* Pods-BA-iOS-Application.release.xcconfig */;
			buildSettings = {
				ASSETCATALOG_COMPILER_APPICON_NAME = AppIcon;
				ASSETCATALOG_COMPILER_LAUNCHIMAGE_NAME = "Brand Assets";
				CODE_SIGN_IDENTITY = "iPhone Developer";
				"CODE_SIGN_IDENTITY[sdk=iphoneos*]" = "iPhone Developer";
				INFOPLIST_FILE = "$(SRCROOT)/src/Info.plist";
				LD_RUNPATH_SEARCH_PATHS = "$(inherited) @executable_path/Frameworks";
				PRODUCT_BUNDLE_IDENTIFIER = "AMC.BA-iOS-Application";
				PRODUCT_NAME = "$(TARGET_NAME)";
				PROVISIONING_PROFILE = "";
			};
			name = Release;
		};
/* End XCBuildConfiguration section */

/* Begin XCConfigurationList section */
		29C9E49F1C6ED8D90065EFB3 /* Build configuration list for PBXProject "BA-iOS-Application" */ = {
			isa = XCConfigurationList;
			buildConfigurations = (
				29C9E4B61C6ED8D90065EFB3 /* Debug */,
				29C9E4B71C6ED8D90065EFB3 /* Release */,
			);
			defaultConfigurationIsVisible = 0;
			defaultConfigurationName = Release;
		};
		29C9E4B81C6ED8D90065EFB3 /* Build configuration list for PBXNativeTarget "BA-iOS-Application" */ = {
			isa = XCConfigurationList;
			buildConfigurations = (
				29C9E4B91C6ED8D90065EFB3 /* Debug */,
				29C9E4BA1C6ED8D90065EFB3 /* Release */,
			);
			defaultConfigurationIsVisible = 0;
			defaultConfigurationName = Release;
		};
/* End XCConfigurationList section */
	};
	rootObject = 29C9E49C1C6ED8D90065EFB3 /* Project object */;
}
